{
  "name": "stck",
  "lockfileVersion": 3,
  "requires": true,
  "packages": {
    "": {
      "name": "stck",
      "dependencies": {
        "@types/line-column": "^1.0.0",
        "@types/minimist": "^1.2.2",
        "chalk": "^5.3.0",
        "line-column": "^1.0.2",
        "minimist": "^1.2.8"
      },
      "devDependencies": {
        "bun-types": "latest"
      },
      "peerDependencies": {
        "typescript": "^5.0.0"
      }
    },
    "node_modules/@types/line-column": {
      "version": "1.0.0",
      "resolved": "https://registry.npmjs.org/@types/line-column/-/line-column-1.0.0.tgz",
      "integrity": "sha512-wbw+IDRw/xY/RGy+BL6f4Eey4jsUgHQrMuA4Qj0CSG3x/7C2Oc57pmRoM2z3M4DkylWRz+G1pfX06sCXQm0J+w=="
    },
    "node_modules/@types/minimist": {
      "version": "1.2.3",
      "resolved": "https://registry.npmjs.org/@types/minimist/-/minimist-1.2.3.tgz",
      "integrity": "sha512-ZYFzrvyWUNhaPomn80dsMNgMeXxNWZBdkuG/hWlUvXvbdUH8ZERNBGXnU87McuGcWDsyzX2aChCv/SVN348k3A=="
    },
    "node_modules/bun-types": {
      "version": "1.0.5-canary.20231009T140142",
      "resolved": "https://registry.npmjs.org/bun-types/-/bun-types-1.0.5-canary.20231009T140142.tgz",
      "integrity": "sha512-5hT8WBXZ2ozdJt6s0nnnh4iQXn6xp9a7spbRYjapNxKjR3ckS5U2V347H3+XpaMVzc/a7D2I2KnKqIPO1R82kg==",
      "dev": true
    },
    "node_modules/chalk": {
      "version": "5.3.0",
      "resolved": "https://registry.npmjs.org/chalk/-/chalk-5.3.0.tgz",
      "integrity": "sha512-dLitG79d+GV1Nb/VYcCDFivJeK1hiukt9QjRNVOsUtTy1rR1YJsmpGGTZ3qJos+uw7WmWF4wUwBd9jxjocFC2w==",
      "engines": {
        "node": "^12.17.0 || ^14.13 || >=16.0.0"
      },
      "funding": {
        "url": "https://github.com/chalk/chalk?sponsor=1"
      }
    },
    "node_modules/isarray": {
      "version": "1.0.0",
      "resolved": "https://registry.npmjs.org/isarray/-/isarray-1.0.0.tgz",
      "integrity": "sha512-VLghIWNM6ELQzo7zwmcg0NmTVyWKYjvIeM83yjp0wRDTmUnrM678fQbcKBo6n2CJEF0szoG//ytg+TKla89ALQ=="
    },
    "node_modules/isobject": {
      "version": "2.1.0",
      "resolved": "https://registry.npmjs.org/isobject/-/isobject-2.1.0.tgz",
      "integrity": "sha512-+OUdGJlgjOBZDfxnDjYYG6zp487z0JGNQq3cYQYg5f5hKR+syHMsaztzGeml/4kGG55CSpKSpWTY+jYGgsHLgA==",
      "dependencies": {
        "isarray": "1.0.0"
      },
      "engines": {
        "node": ">=0.10.0"
      }
    },
    "node_modules/line-column": {
      "version": "1.0.2",
      "resolved": "https://registry.npmjs.org/line-column/-/line-column-1.0.2.tgz",
      "integrity": "sha512-Ktrjk5noGYlHsVnYWh62FLVs4hTb8A3e+vucNZMgPeAOITdshMSgv4cCZQeRDjm7+goqmo6+liZwTXo+U3sVww==",
      "dependencies": {
        "isarray": "^1.0.0",
        "isobject": "^2.0.0"
      }
    },
    "node_modules/minimist": {
      "version": "1.2.8",
      "resolved": "https://registry.npmjs.org/minimist/-/minimist-1.2.8.tgz",
      "integrity": "sha512-2yyAR8qBkN3YuheJanUpWC5U3bb5osDywNB8RzDVlDwDHbocAJveqqj1u8+SVD7jkWT4yvsHCpWqqWqAxb0zCA==",
      "funding": {
        "url": "https://github.com/sponsors/ljharb"
      }
    },
    "node_modules/typescript": {
      "version": "5.2.2",
      "resolved": "https://registry.npmjs.org/typescript/-/typescript-5.2.2.tgz",
      "integrity": "sha512-mI4WrpHsbCIcwT9cF4FZvr80QUeKvsUsUvKDoR+X/7XHQH98xYD8YHZg7ANtz2GtZt/CBq2QJ0thkGJMHfqc1w==",
      "peer": true,
      "bin": {
        "tsc": "bin/tsc",
        "tsserver": "bin/tsserver"
      },
      "engines": {
        "node": ">=14.17"
      }
    }
  }
}
